
Microsoft Visual Studio Solution File, Format Version 12.00
# Visual Studio Version 17
VisualStudioVersion = 17.0.31903.59
MinimumVisualStudioVersion = 10.0.40219.1
Project("{9A19103F-16F7-4668-BE54-9A1E7A4F7556}") = "test", "test\test.csproj", "{59A36877-4073-4FA5-BC3F-B792180B959E}"
EndProject
Project("{9A19103F-16F7-4668-BE54-9A1E7A4F7556}") = "driftsort", "driftsort\driftsort.csproj", "{4FC69EC7-E43B-430E-9BE5-6A7A28A46632}"
EndProject
Global
	GlobalSection(SolutionConfigurationPlatforms) = preSolution
		Debug|Any CPU = Debug|Any CPU
		Release|Any CPU = Release|Any CPU
	EndGlobalSection
	GlobalSection(ProjectConfigurationPlatforms) = postSolution
		{59A36877-4073-4FA5-BC3F-B792180B959E}.Debug|Any CPU.ActiveCfg = Debug|Any CPU
		{59A36877-4073-4FA5-BC3F-B792180B959E}.Debug|Any CPU.Build.0 = Debug|Any CPU
		{59A36877-4073-4FA5-BC3F-B792180B959E}.Release|Any CPU.ActiveCfg = Release|Any CPU
		{59A36877-4073-4FA5-BC3F-B792180B959E}.Release|Any CPU.Build.0 = Release|Any CPU
		{4FC69EC7-E43B-430E-9BE5-6A7A28A46632}.Debug|Any CPU.ActiveCfg = Debug|Any CPU
		{4FC69EC7-E43B-430E-9BE5-6A7A28A46632}.Debug|Any CPU.Build.0 = Debug|Any CPU
		{4FC69EC7-E43B-430E-9BE5-6A7A28A46632}.Release|Any CPU.ActiveCfg = Release|Any CPU
		{4FC69EC7-E43B-430E-9BE5-6A7A28A46632}.Release|Any CPU.Build.0 = Release|Any CPU
	EndGlobalSection
	GlobalSection(SolutionProperties) = preSolution
		HideSolutionNode = FALSE
	EndGlobalSection
EndGlobal
